
Microsoft Visual Studio Solution File, Format Version 12.00
# Visual Studio 15
VisualStudioVersion = 15.0.27703.2035
MinimumVisualStudioVersion = 10.0.40219.1
Project("{FAE04EC0-301F-11D3-BF4B-00C04F79EFBC}") = "FirmaXML_WPF", "FirmaXML_WPF\FirmaXML_WPF.csproj", "{0BBEFA04-49C2-45C8-B7D9-DCBB8BC7CDAF}"
EndProject
Project("{FAE04EC0-301F-11D3-BF4B-00C04F79EFBC}") = "Signing", "Signing\Signing.csproj", "{D9AA43F3-EA45-48E8-BDB5-77AC0923FE61}"
EndProject
Global
	GlobalSection(SolutionConfigurationPlatforms) = preSolution
		Debug|Any CPU = Debug|Any CPU
		Debug|ARM = Debug|ARM
		Debug|x64 = Debug|x64
		Debug|x86 = Debug|x86
		Release|Any CPU = Release|Any CPU
		Release|ARM = Release|ARM
		Release|x64 = Release|x64
		Release|x86 = Release|x86
	EndGlobalSection
	GlobalSection(ProjectConfigurationPlatforms) = postSolution
		{0BBEFA04-49C2-45C8-B7D9-DCBB8BC7CDAF}.Debug|Any CPU.ActiveCfg = Debug|Any CPU
		{0BBEFA04-49C2-45C8-B7D9-DCBB8BC7CDAF}.Debug|Any CPU.Build.0 = Debug|Any CPU
		{0BBEFA04-49C2-45C8-B7D9-DCBB8BC7CDAF}.Debug|ARM.ActiveCfg = Debug|Any CPU
		{0BBEFA04-49C2-45C8-B7D9-DCBB8BC7CDAF}.Debug|ARM.Build.0 = Debug|Any CPU
		{0BBEFA04-49C2-45C8-B7D9-DCBB8BC7CDAF}.Debug|x64.ActiveCfg = Debug|Any CPU
		{0BBEFA04-49C2-45C8-B7D9-DCBB8BC7CDAF}.Debug|x64.Build.0 = Debug|Any CPU
		{0BBEFA04-49C2-45C8-B7D9-DCBB8BC7CDAF}.Debug|x86.ActiveCfg = Debug|Any CPU
		{0BBEFA04-49C2-45C8-B7D9-DCBB8BC7CDAF}.Debug|x86.Build.0 = Debug|Any CPU
		{0BBEFA04-49C2-45C8-B7D9-DCBB8BC7CDAF}.Release|Any CPU.ActiveCfg = Release|Any CPU
		{0BBEFA04-49C2-45C8-B7D9-DCBB8BC7CDAF}.Release|Any CPU.Build.0 = Release|Any CPU
		{0BBEFA04-49C2-45C8-B7D9-DCBB8BC7CDAF}.Release|ARM.ActiveCfg = Release|Any CPU
		{0BBEFA04-49C2-45C8-B7D9-DCBB8BC7CDAF}.Release|ARM.Build.0 = Release|Any CPU
		{0BBEFA04-49C2-45C8-B7D9-DCBB8BC7CDAF}.Release|x64.ActiveCfg = Release|Any CPU
		{0BBEFA04-49C2-45C8-B7D9-DCBB8BC7CDAF}.Release|x64.Build.0 = Release|Any CPU
		{0BBEFA04-49C2-45C8-B7D9-DCBB8BC7CDAF}.Release|x86.ActiveCfg = Release|Any CPU
		{0BBEFA04-49C2-45C8-B7D9-DCBB8BC7CDAF}.Release|x86.Build.0 = Release|Any CPU
		{D9AA43F3-EA45-48E8-BDB5-77AC0923FE61}.Debug|Any CPU.ActiveCfg = Debug|Any CPU
		{D9AA43F3-EA45-48E8-BDB5-77AC0923FE61}.Debug|Any CPU.Build.0 = Debug|Any CPU
		{D9AA43F3-EA45-48E8-BDB5-77AC0923FE61}.Debug|ARM.ActiveCfg = Debug|Any CPU
		{D9AA43F3-EA45-48E8-BDB5-77AC0923FE61}.Debug|ARM.Build.0 = Debug|Any CPU
		{D9AA43F3-EA45-48E8-BDB5-77AC0923FE61}.Debug|x64.ActiveCfg = Debug|Any CPU
		{D9AA43F3-EA45-48E8-BDB5-77AC0923FE61}.Debug|x64.Build.0 = Debug|Any CPU
		{D9AA43F3-EA45-48E8-BDB5-77AC0923FE61}.Debug|x86.ActiveCfg = Debug|Any CPU
		{D9AA43F3-EA45-48E8-BDB5-77AC0923FE61}.Debug|x86.Build.0 = Debug|Any CPU
		{D9AA43F3-EA45-48E8-BDB5-77AC0923FE61}.Release|Any CPU.ActiveCfg = Release|Any CPU
		{D9AA43F3-EA45-48E8-BDB5-77AC0923FE61}.Release|Any CPU.Build.0 = Release|Any CPU
		{D9AA43F3-EA45-48E8-BDB5-77AC0923FE61}.Release|ARM.ActiveCfg = Release|Any CPU
		{D9AA43F3-EA45-48E8-BDB5-77AC0923FE61}.Release|ARM.Build.0 = Release|Any CPU
		{D9AA43F3-EA45-48E8-BDB5-77AC0923FE61}.Release|x64.ActiveCfg = Release|Any CPU
		{D9AA43F3-EA45-48E8-BDB5-77AC0923FE61}.Release|x64.Build.0 = Release|Any CPU
		{D9AA43F3-EA45-48E8-BDB5-77AC0923FE61}.Release|x86.ActiveCfg = Release|Any CPU
		{D9AA43F3-EA45-48E8-BDB5-77AC0923FE61}.Release|x86.Build.0 = Release|Any CPU
	EndGlobalSection
	GlobalSection(SolutionProperties) = preSolution
		HideSolutionNode = FALSE
	EndGlobalSection
	GlobalSection(ExtensibilityGlobals) = postSolution
		SolutionGuid = {82F4CF9B-1137-4F8A-B8AF-68FAB821282A}
	EndGlobalSection
EndGlobal
